// !$*UTF8*$!
{
	archiveVersion = 1;
	classes = {
	};
	objectVersion = 46;
	objects = {

/* Begin PBXBuildFile section */
		9D0E27541DE2D41300A28B10 /* main.m in Sources */ = {isa = PBXBuildFile; fileRef = 9D0E27531DE2D41300A28B10 /* main.m */; };
		9D0E27571DE2D41300A28B10 /* AppDelegate.m in Sources */ = {isa = PBXBuildFile; fileRef = 9D0E27561DE2D41300A28B10 /* AppDelegate.m */; };
		9D0E275A1DE2D41300A28B10 /* ViewController.m in Sources */ = {isa = PBXBuildFile; fileRef = 9D0E27591DE2D41300A28B10 /* ViewController.m */; };
		9D0E275D1DE2D41300A28B10 /* Main.storyboard in Resources */ = {isa = PBXBuildFile; fileRef = 9D0E275B1DE2D41300A28B10 /* Main.storyboard */; };
		9D0E275F1DE2D41300A28B10 /* Assets.xcassets in Resources */ = {isa = PBXBuildFile; fileRef = 9D0E275E1DE2D41300A28B10 /* Assets.xcassets */; };
		9D0E27621DE2D41300A28B10 /* LaunchScreen.storyboard in Resources */ = {isa = PBXBuildFile; fileRef = 9D0E27601DE2D41300A28B10 /* LaunchScreen.storyboard */; };
		9D0E276D1DE2D41300A28B10 /* FriendDemoTests.m in Sources */ = {isa = PBXBuildFile; fileRef = 9D0E276C1DE2D41300A28B10 /* FriendDemoTests.m */; };
		9D0E27781DE2D41300A28B10 /* FriendDemoUITests.m in Sources */ = {isa = PBXBuildFile; fileRef = 9D0E27771DE2D41300A28B10 /* FriendDemoUITests.m */; };
		9D56AE4B1DE67A36000079CD /* TWPXQMenuItemModel.m in Sources */ = {isa = PBXBuildFile; fileRef = 9D56AE4A1DE67A36000079CD /* TWPXQMenuItemModel.m */; };
		9D56AE4E1DE67DF6000079CD /* TWPXQCellModel.m in Sources */ = {isa = PBXBuildFile; fileRef = 9D56AE4D1DE67DF6000079CD /* TWPXQCellModel.m */; };
		9D56AE7B1DE69B5B000079CD /* MKAnnotationView+WebCache.m in Sources */ = {isa = PBXBuildFile; fileRef = 9D56AE541DE69B5B000079CD /* MKAnnotationView+WebCache.m */; };
		9D56AE7C1DE69B5B000079CD /* NSData+ImageContentType.m in Sources */ = {isa = PBXBuildFile; fileRef = 9D56AE561DE69B5B000079CD /* NSData+ImageContentType.m */; };
		9D56AE7D1DE69B5B000079CD /* NSImage+WebCache.m in Sources */ = {isa = PBXBuildFile; fileRef = 9D56AE581DE69B5B000079CD /* NSImage+WebCache.m */; };
		9D56AE7E1DE69B5B000079CD /* SDImageCache.m in Sources */ = {isa = PBXBuildFile; fileRef = 9D56AE5A1DE69B5B000079CD /* SDImageCache.m */; };
		9D56AE7F1DE69B5B000079CD /* SDImageCacheConfig.m in Sources */ = {isa = PBXBuildFile; fileRef = 9D56AE5C1DE69B5B000079CD /* SDImageCacheConfig.m */; };
		9D56AE801DE69B5B000079CD /* SDWebImageCompat.m in Sources */ = {isa = PBXBuildFile; fileRef = 9D56AE5E1DE69B5B000079CD /* SDWebImageCompat.m */; };
		9D56AE811DE69B5B000079CD /* SDWebImageDecoder.m in Sources */ = {isa = PBXBuildFile; fileRef = 9D56AE601DE69B5B000079CD /* SDWebImageDecoder.m */; };
		9D56AE821DE69B5B000079CD /* SDWebImageDownloader.m in Sources */ = {isa = PBXBuildFile; fileRef = 9D56AE621DE69B5B000079CD /* SDWebImageDownloader.m */; };
		9D56AE831DE69B5B000079CD /* SDWebImageDownloaderOperation.m in Sources */ = {isa = PBXBuildFile; fileRef = 9D56AE641DE69B5B000079CD /* SDWebImageDownloaderOperation.m */; };
		9D56AE841DE69B5B000079CD /* SDWebImageManager.m in Sources */ = {isa = PBXBuildFile; fileRef = 9D56AE661DE69B5B000079CD /* SDWebImageManager.m */; };
		9D56AE851DE69B5B000079CD /* SDWebImagePrefetcher.m in Sources */ = {isa = PBXBuildFile; fileRef = 9D56AE691DE69B5B000079CD /* SDWebImagePrefetcher.m */; };
		9D56AE861DE69B5B000079CD /* UIButton+WebCache.m in Sources */ = {isa = PBXBuildFile; fileRef = 9D56AE6B1DE69B5B000079CD /* UIButton+WebCache.m */; };
		9D56AE871DE69B5B000079CD /* UIImage+GIF.m in Sources */ = {isa = PBXBuildFile; fileRef = 9D56AE6D1DE69B5B000079CD /* UIImage+GIF.m */; };
		9D56AE881DE69B5B000079CD /* UIImage+MultiFormat.m in Sources */ = {isa = PBXBuildFile; fileRef = 9D56AE6F1DE69B5B000079CD /* UIImage+MultiFormat.m */; };
		9D56AE891DE69B5B000079CD /* UIImage+WebP.m in Sources */ = {isa = PBXBuildFile; fileRef = 9D56AE711DE69B5B000079CD /* UIImage+WebP.m */; };
		9D56AE8A1DE69B5B000079CD /* UIImageView+HighlightedWebCache.m in Sources */ = {isa = PBXBuildFile; fileRef = 9D56AE731DE69B5B000079CD /* UIImageView+HighlightedWebCache.m */; };
		9D56AE8B1DE69B5B000079CD /* UIImageView+WebCache.m in Sources */ = {isa = PBXBuildFile; fileRef = 9D56AE751DE69B5B000079CD /* UIImageView+WebCache.m */; };
		9D56AE8C1DE69B5B000079CD /* UIView+WebCache.m in Sources */ = {isa = PBXBuildFile; fileRef = 9D56AE771DE69B5B000079CD /* UIView+WebCache.m */; };
		9D56AE8D1DE69B5B000079CD /* UIView+WebCacheOperation.m in Sources */ = {isa = PBXBuildFile; fileRef = 9D56AE791DE69B5B000079CD /* UIView+WebCacheOperation.m */; };
		9D56AE911DE6DAF9000079CD /* TWPXQMoreBtn.m in Sources */ = {isa = PBXBuildFile; fileRef = 9D56AE901DE6DAF9000079CD /* TWPXQMoreBtn.m */; };
		9D59E9271DE592C700ED76E8 /* TWPXQGroupFriend.m in Sources */ = {isa = PBXBuildFile; fileRef = 9D59E9261DE592C700ED76E8 /* TWPXQGroupFriend.m */; };
		9D59E92A1DE597B800ED76E8 /* TWPXQFriendInfo.m in Sources */ = {isa = PBXBuildFile; fileRef = 9D59E9291DE597B800ED76E8 /* TWPXQFriendInfo.m */; };
		9D76CA221DE3E70900EB75AB /* TWPXQMyFriendsVC.m in Sources */ = {isa = PBXBuildFile; fileRef = 9D76CA211DE3E70900EB75AB /* TWPXQMyFriendsVC.m */; };
		9D76CA261DE4106000EB75AB /* TWPXQMenuCell.m in Sources */ = {isa = PBXBuildFile; fileRef = 9D76CA241DE4106000EB75AB /* TWPXQMenuCell.m */; };
		9D76CA271DE4106000EB75AB /* TWPXQMenuCell.xib in Resources */ = {isa = PBXBuildFile; fileRef = 9D76CA251DE4106000EB75AB /* TWPXQMenuCell.xib */; };
		9D76CA291DE411FA00EB75AB /* arrowRight.png in Resources */ = {isa = PBXBuildFile; fileRef = 9D76CA281DE411FA00EB75AB /* arrowRight.png */; };
		9D76CA2D1DE4137400EB75AB /* TWPXQRequest.m in Sources */ = {isa = PBXBuildFile; fileRef = 9D76CA2C1DE4137400EB75AB /* TWPXQRequest.m */; };
/* End PBXBuildFile section */

/* Begin PBXContainerItemProxy section */
		9D0E27691DE2D41300A28B10 /* PBXContainerItemProxy */ = {
			isa = PBXContainerItemProxy;
			containerPortal = 9D0E27471DE2D41300A28B10 /* Project object */;
			proxyType = 1;
			remoteGlobalIDString = 9D0E274E1DE2D41300A28B10;
			remoteInfo = FriendDemo;
		};
		9D0E27741DE2D41300A28B10 /* PBXContainerItemProxy */ = {
			isa = PBXContainerItemProxy;
			containerPortal = 9D0E27471DE2D41300A28B10 /* Project object */;
			proxyType = 1;
			remoteGlobalIDString = 9D0E274E1DE2D41300A28B10;
			remoteInfo = FriendDemo;
		};
/* End PBXContainerItemProxy section */

/* Begin PBXFileReference section */
		9D0E274F1DE2D41300A28B10 /* FriendDemo.app */ = {isa = PBXFileReference; explicitFileType = wrapper.application; includeInIndex = 0; path = FriendDemo.app; sourceTree = BUILT_PRODUCTS_DIR; };
		9D0E27531DE2D41300A28B10 /* main.m */ = {isa = PBXFileReference; lastKnownFileType = sourcecode.c.objc; path = main.m; sourceTree = "<group>"; };
		9D0E27551DE2D41300A28B10 /* AppDelegate.h */ = {isa = PBXFileReference; lastKnownFileType = sourcecode.c.h; path = AppDelegate.h; sourceTree = "<group>"; };
		9D0E27561DE2D41300A28B10 /* AppDelegate.m */ = {isa = PBXFileReference; lastKnownFileType = sourcecode.c.objc; path = AppDelegate.m; sourceTree = "<group>"; };
		9D0E27581DE2D41300A28B10 /* ViewController.h */ = {isa = PBXFileReference; lastKnownFileType = sourcecode.c.h; path = ViewController.h; sourceTree = "<group>"; };
		9D0E27591DE2D41300A28B10 /* ViewController.m */ = {isa = PBXFileReference; lastKnownFileType = sourcecode.c.objc; path = ViewController.m; sourceTree = "<group>"; };
		9D0E275C1DE2D41300A28B10 /* Base */ = {isa = PBXFileReference; lastKnownFileType = file.storyboard; name = Base; path = Base.lproj/Main.storyboard; sourceTree = "<group>"; };
		9D0E275E1DE2D41300A28B10 /* Assets.xcassets */ = {isa = PBXFileReference; lastKnownFileType = folder.assetcatalog; path = Assets.xcassets; sourceTree = "<group>"; };
		9D0E27611DE2D41300A28B10 /* Base */ = {isa = PBXFileReference; lastKnownFileType = file.storyboard; name = Base; path = Base.lproj/LaunchScreen.storyboard; sourceTree = "<group>"; };
		9D0E27631DE2D41300A28B10 /* Info.plist */ = {isa = PBXFileReference; lastKnownFileType = text.plist.xml; path = Info.plist; sourceTree = "<group>"; };
		9D0E27681DE2D41300A28B10 /* FriendDemoTests.xctest */ = {isa = PBXFileReference; explicitFileType = wrapper.cfbundle; includeInIndex = 0; path = FriendDemoTests.xctest; sourceTree = BUILT_PRODUCTS_DIR; };
		9D0E276C1DE2D41300A28B10 /* FriendDemoTests.m */ = {isa = PBXFileReference; lastKnownFileType = sourcecode.c.objc; path = FriendDemoTests.m; sourceTree = "<group>"; };
		9D0E276E1DE2D41300A28B10 /* Info.plist */ = {isa = PBXFileReference; lastKnownFileType = text.plist.xml; path = Info.plist; sourceTree = "<group>"; };
		9D0E27731DE2D41300A28B10 /* FriendDemoUITests.xctest */ = {isa = PBXFileReference; explicitFileType = wrapper.cfbundle; includeInIndex = 0; path = FriendDemoUITests.xctest; sourceTree = BUILT_PRODUCTS_DIR; };
		9D0E27771DE2D41300A28B10 /* FriendDemoUITests.m */ = {isa = PBXFileReference; lastKnownFileType = sourcecode.c.objc; path = FriendDemoUITests.m; sourceTree = "<group>"; };
		9D0E27791DE2D41300A28B10 /* Info.plist */ = {isa = PBXFileReference; lastKnownFileType = text.plist.xml; path = Info.plist; sourceTree = "<group>"; };
		9D56AE491DE67A36000079CD /* TWPXQMenuItemModel.h */ = {isa = PBXFileReference; fileEncoding = 4; lastKnownFileType = sourcecode.c.h; path = TWPXQMenuItemModel.h; sourceTree = "<group>"; };
		9D56AE4A1DE67A36000079CD /* TWPXQMenuItemModel.m */ = {isa = PBXFileReference; fileEncoding = 4; lastKnownFileType = sourcecode.c.objc; path = TWPXQMenuItemModel.m; sourceTree = "<group>"; };
		9D56AE4C1DE67DF6000079CD /* TWPXQCellModel.h */ = {isa = PBXFileReference; fileEncoding = 4; lastKnownFileType = sourcecode.c.h; path = TWPXQCellModel.h; sourceTree = "<group>"; };
		9D56AE4D1DE67DF6000079CD /* TWPXQCellModel.m */ = {isa = PBXFileReference; fileEncoding = 4; lastKnownFileType = sourcecode.c.objc; path = TWPXQCellModel.m; sourceTree = "<group>"; };
		9D56AE531DE69B5B000079CD /* MKAnnotationView+WebCache.h */ = {isa = PBXFileReference; fileEncoding = 4; lastKnownFileType = sourcecode.c.h; path = "MKAnnotationView+WebCache.h"; sourceTree = "<group>"; };
		9D56AE541DE69B5B000079CD /* MKAnnotationView+WebCache.m */ = {isa = PBXFileReference; fileEncoding = 4; lastKnownFileType = sourcecode.c.objc; path = "MKAnnotationView+WebCache.m"; sourceTree = "<group>"; };
		9D56AE551DE69B5B000079CD /* NSData+ImageContentType.h */ = {isa = PBXFileReference; fileEncoding = 4; lastKnownFileType = sourcecode.c.h; path = "NSData+ImageContentType.h"; sourceTree = "<group>"; };
		9D56AE561DE69B5B000079CD /* NSData+ImageContentType.m */ = {isa = PBXFileReference; fileEncoding = 4; lastKnownFileType = sourcecode.c.objc; path = "NSData+ImageContentType.m"; sourceTree = "<group>"; };
		9D56AE571DE69B5B000079CD /* NSImage+WebCache.h */ = {isa = PBXFileReference; fileEncoding = 4; lastKnownFileType = sourcecode.c.h; path = "NSImage+WebCache.h"; sourceTree = "<group>"; };
		9D56AE581DE69B5B000079CD /* NSImage+WebCache.m */ = {isa = PBXFileReference; fileEncoding = 4; lastKnownFileType = sourcecode.c.objc; path = "NSImage+WebCache.m"; sourceTree = "<group>"; };
		9D56AE591DE69B5B000079CD /* SDImageCache.h */ = {isa = PBXFileReference; fileEncoding = 4; lastKnownFileType = sourcecode.c.h; path = SDImageCache.h; sourceTree = "<group>"; };
		9D56AE5A1DE69B5B000079CD /* SDImageCache.m */ = {isa = PBXFileReference; fileEncoding = 4; lastKnownFileType = sourcecode.c.objc; path = SDImageCache.m; sourceTree = "<group>"; };
		9D56AE5B1DE69B5B000079CD /* SDImageCacheConfig.h */ = {isa = PBXFileReference; fileEncoding = 4; lastKnownFileType = sourcecode.c.h; path = SDImageCacheConfig.h; sourceTree = "<group>"; };
		9D56AE5C1DE69B5B000079CD /* SDImageCacheConfig.m */ = {isa = PBXFileReference; fileEncoding = 4; lastKnownFileType = sourcecode.c.objc; path = SDImageCacheConfig.m; sourceTree = "<group>"; };
		9D56AE5D1DE69B5B000079CD /* SDWebImageCompat.h */ = {isa = PBXFileReference; fileEncoding = 4; lastKnownFileType = sourcecode.c.h; path = SDWebImageCompat.h; sourceTree = "<group>"; };
		9D56AE5E1DE69B5B000079CD /* SDWebImageCompat.m */ = {isa = PBXFileReference; fileEncoding = 4; lastKnownFileType = sourcecode.c.objc; path = SDWebImageCompat.m; sourceTree = "<group>"; };
		9D56AE5F1DE69B5B000079CD /* SDWebImageDecoder.h */ = {isa = PBXFileReference; fileEncoding = 4; lastKnownFileType = sourcecode.c.h; path = SDWebImageDecoder.h; sourceTree = "<group>"; };
		9D56AE601DE69B5B000079CD /* SDWebImageDecoder.m */ = {isa = PBXFileReference; fileEncoding = 4; lastKnownFileType = sourcecode.c.objc; path = SDWebImageDecoder.m; sourceTree = "<group>"; };
		9D56AE611DE69B5B000079CD /* SDWebImageDownloader.h */ = {isa = PBXFileReference; fileEncoding = 4; lastKnownFileType = sourcecode.c.h; path = SDWebImageDownloader.h; sourceTree = "<group>"; };
		9D56AE621DE69B5B000079CD /* SDWebImageDownloader.m */ = {isa = PBXFileReference; fileEncoding = 4; lastKnownFileType = sourcecode.c.objc; path = SDWebImageDownloader.m; sourceTree = "<group>"; };
		9D56AE631DE69B5B000079CD /* SDWebImageDownloaderOperation.h */ = {isa = PBXFileReference; fileEncoding = 4; lastKnownFileType = sourcecode.c.h; path = SDWebImageDownloaderOperation.h; sourceTree = "<group>"; };
		9D56AE641DE69B5B000079CD /* SDWebImageDownloaderOperation.m */ = {isa = PBXFileReference; fileEncoding = 4; lastKnownFileType = sourcecode.c.objc; path = SDWebImageDownloaderOperation.m; sourceTree = "<group>"; };
		9D56AE651DE69B5B000079CD /* SDWebImageManager.h */ = {isa = PBXFileReference; fileEncoding = 4; lastKnownFileType = sourcecode.c.h; path = SDWebImageManager.h; sourceTree = "<group>"; };
		9D56AE661DE69B5B000079CD /* SDWebImageManager.m */ = {isa = PBXFileReference; fileEncoding = 4; lastKnownFileType = sourcecode.c.objc; path = SDWebImageManager.m; sourceTree = "<group>"; };
		9D56AE671DE69B5B000079CD /* SDWebImageOperation.h */ = {isa = PBXFileReference; fileEncoding = 4; lastKnownFileType = sourcecode.c.h; path = SDWebImageOperation.h; sourceTree = "<group>"; };
		9D56AE681DE69B5B000079CD /* SDWebImagePrefetcher.h */ = {isa = PBXFileReference; fileEncoding = 4; lastKnownFileType = sourcecode.c.h; path = SDWebImagePrefetcher.h; sourceTree = "<group>"; };
		9D56AE691DE69B5B000079CD /* SDWebImagePrefetcher.m */ = {isa = PBXFileReference; fileEncoding = 4; lastKnownFileType = sourcecode.c.objc; path = SDWebImagePrefetcher.m; sourceTree = "<group>"; };
		9D56AE6A1DE69B5B000079CD /* UIButton+WebCache.h */ = {isa = PBXFileReference; fileEncoding = 4; lastKnownFileType = sourcecode.c.h; path = "UIButton+WebCache.h"; sourceTree = "<group>"; };
		9D56AE6B1DE69B5B000079CD /* UIButton+WebCache.m */ = {isa = PBXFileReference; fileEncoding = 4; lastKnownFileType = sourcecode.c.objc; path = "UIButton+WebCache.m"; sourceTree = "<group>"; };
		9D56AE6C1DE69B5B000079CD /* UIImage+GIF.h */ = {isa = PBXFileReference; fileEncoding = 4; lastKnownFileType = sourcecode.c.h; path = "UIImage+GIF.h"; sourceTree = "<group>"; };
		9D56AE6D1DE69B5B000079CD /* UIImage+GIF.m */ = {isa = PBXFileReference; fileEncoding = 4; lastKnownFileType = sourcecode.c.objc; path = "UIImage+GIF.m"; sourceTree = "<group>"; };
		9D56AE6E1DE69B5B000079CD /* UIImage+MultiFormat.h */ = {isa = PBXFileReference; fileEncoding = 4; lastKnownFileType = sourcecode.c.h; path = "UIImage+MultiFormat.h"; sourceTree = "<group>"; };
		9D56AE6F1DE69B5B000079CD /* UIImage+MultiFormat.m */ = {isa = PBXFileReference; fileEncoding = 4; lastKnownFileType = sourcecode.c.objc; path = "UIImage+MultiFormat.m"; sourceTree = "<group>"; };
		9D56AE701DE69B5B000079CD /* UIImage+WebP.h */ = {isa = PBXFileReference; fileEncoding = 4; lastKnownFileType = sourcecode.c.h; path = "UIImage+WebP.h"; sourceTree = "<group>"; };
		9D56AE711DE69B5B000079CD /* UIImage+WebP.m */ = {isa = PBXFileReference; fileEncoding = 4; lastKnownFileType = sourcecode.c.objc; path = "UIImage+WebP.m"; sourceTree = "<group>"; };
		9D56AE721DE69B5B000079CD /* UIImageView+HighlightedWebCache.h */ = {isa = PBXFileReference; fileEncoding = 4; lastKnownFileType = sourcecode.c.h; path = "UIImageView+HighlightedWebCache.h"; sourceTree = "<group>"; };
		9D56AE731DE69B5B000079CD /* UIImageView+HighlightedWebCache.m */ = {isa = PBXFileReference; fileEncoding = 4; lastKnownFileType = sourcecode.c.objc; path = "UIImageView+HighlightedWebCache.m"; sourceTree = "<group>"; };
		9D56AE741DE69B5B000079CD /* UIImageView+WebCache.h */ = {isa = PBXFileReference; fileEncoding = 4; lastKnownFileType = sourcecode.c.h; path = "UIImageView+WebCache.h"; sourceTree = "<group>"; };
		9D56AE751DE69B5B000079CD /* UIImageView+WebCache.m */ = {isa = PBXFileReference; fileEncoding = 4; lastKnownFileType = sourcecode.c.objc; path = "UIImageView+WebCache.m"; sourceTree = "<group>"; };
		9D56AE761DE69B5B000079CD /* UIView+WebCache.h */ = {isa = PBXFileReference; fileEncoding = 4; lastKnownFileType = sourcecode.c.h; path = "UIView+WebCache.h"; sourceTree = "<group>"; };
		9D56AE771DE69B5B000079CD /* UIView+WebCache.m */ = {isa = PBXFileReference; fileEncoding = 4; lastKnownFileType = sourcecode.c.objc; path = "UIView+WebCache.m"; sourceTree = "<group>"; };
		9D56AE781DE69B5B000079CD /* UIView+WebCacheOperation.h */ = {isa = PBXFileReference; fileEncoding = 4; lastKnownFileType = sourcecode.c.h; path = "UIView+WebCacheOperation.h"; sourceTree = "<group>"; };
		9D56AE791DE69B5B000079CD /* UIView+WebCacheOperation.m */ = {isa = PBXFileReference; fileEncoding = 4; lastKnownFileType = sourcecode.c.objc; path = "UIView+WebCacheOperation.m"; sourceTree = "<group>"; };
		9D56AE8F1DE6DAF9000079CD /* TWPXQMoreBtn.h */ = {isa = PBXFileReference; fileEncoding = 4; lastKnownFileType = sourcecode.c.h; path = TWPXQMoreBtn.h; sourceTree = "<group>"; };
		9D56AE901DE6DAF9000079CD /* TWPXQMoreBtn.m */ = {isa = PBXFileReference; fileEncoding = 4; lastKnownFileType = sourcecode.c.objc; path = TWPXQMoreBtn.m; sourceTree = "<group>"; };
		9D59E9251DE592C700ED76E8 /* TWPXQGroupFriend.h */ = {isa = PBXFileReference; fileEncoding = 4; lastKnownFileType = sourcecode.c.h; path = TWPXQGroupFriend.h; sourceTree = "<group>"; };
		9D59E9261DE592C700ED76E8 /* TWPXQGroupFriend.m */ = {isa = PBXFileReference; fileEncoding = 4; lastKnownFileType = sourcecode.c.objc; path = TWPXQGroupFriend.m; sourceTree = "<group>"; };
		9D59E9281DE597B800ED76E8 /* TWPXQFriendInfo.h */ = {isa = PBXFileReference; fileEncoding = 4; lastKnownFileType = sourcecode.c.h; path = TWPXQFriendInfo.h; sourceTree = "<group>"; };
		9D59E9291DE597B800ED76E8 /* TWPXQFriendInfo.m */ = {isa = PBXFileReference; fileEncoding = 4; lastKnownFileType = sourcecode.c.objc; path = TWPXQFriendInfo.m; sourceTree = "<group>"; };
		9D76CA201DE3E70900EB75AB /* TWPXQMyFriendsVC.h */ = {isa = PBXFileReference; fileEncoding = 4; lastKnownFileType = sourcecode.c.h; path = TWPXQMyFriendsVC.h; sourceTree = "<group>"; };
		9D76CA211DE3E70900EB75AB /* TWPXQMyFriendsVC.m */ = {isa = PBXFileReference; fileEncoding = 4; lastKnownFileType = sourcecode.c.objc; path = TWPXQMyFriendsVC.m; sourceTree = "<group>"; };
		9D76CA231DE4106000EB75AB /* TWPXQMenuCell.h */ = {isa = PBXFileReference; fileEncoding = 4; lastKnownFileType = sourcecode.c.h; path = TWPXQMenuCell.h; sourceTree = "<group>"; };
		9D76CA241DE4106000EB75AB /* TWPXQMenuCell.m */ = {isa = PBXFileReference; fileEncoding = 4; lastKnownFileType = sourcecode.c.objc; path = TWPXQMenuCell.m; sourceTree = "<group>"; };
		9D76CA251DE4106000EB75AB /* TWPXQMenuCell.xib */ = {isa = PBXFileReference; fileEncoding = 4; lastKnownFileType = file.xib; path = TWPXQMenuCell.xib; sourceTree = "<group>"; };
		9D76CA281DE411FA00EB75AB /* arrowRight.png */ = {isa = PBXFileReference; lastKnownFileType = image.png; path = arrowRight.png; sourceTree = "<group>"; };
		9D76CA2B1DE4137400EB75AB /* TWPXQRequest.h */ = {isa = PBXFileReference; fileEncoding = 4; lastKnownFileType = sourcecode.c.h; path = TWPXQRequest.h; sourceTree = "<group>"; };
		9D76CA2C1DE4137400EB75AB /* TWPXQRequest.m */ = {isa = PBXFileReference; fileEncoding = 4; lastKnownFileType = sourcecode.c.objc; path = TWPXQRequest.m; sourceTree = "<group>"; };
/* End PBXFileReference section */

/* Begin PBXFrameworksBuildPhase section */
		9D0E274C1DE2D41300A28B10 /* Frameworks */ = {
			isa = PBXFrameworksBuildPhase;
			buildActionMask = 2147483647;
			files = (
			);
			runOnlyForDeploymentPostprocessing = 0;
		};
		9D0E27651DE2D41300A28B10 /* Frameworks */ = {
			isa = PBXFrameworksBuildPhase;
			buildActionMask = 2147483647;
			files = (
			);
			runOnlyForDeploymentPostprocessing = 0;
		};
		9D0E27701DE2D41300A28B10 /* Frameworks */ = {
			isa = PBXFrameworksBuildPhase;
			buildActionMask = 2147483647;
			files = (
			);
			runOnlyForDeploymentPostprocessing = 0;
		};
/* End PBXFrameworksBuildPhase section */

/* Begin PBXGroup section */
		9D0E27461DE2D41300A28B10 = {
			isa = PBXGroup;
			children = (
				9D0E27511DE2D41300A28B10 /* FriendDemo */,
				9D0E276B1DE2D41300A28B10 /* FriendDemoTests */,
				9D0E27761DE2D41300A28B10 /* FriendDemoUITests */,
				9D0E27501DE2D41300A28B10 /* Products */,
			);
			sourceTree = "<group>";
		};
		9D0E27501DE2D41300A28B10 /* Products */ = {
			isa = PBXGroup;
			children = (
				9D0E274F1DE2D41300A28B10 /* FriendDemo.app */,
				9D0E27681DE2D41300A28B10 /* FriendDemoTests.xctest */,
				9D0E27731DE2D41300A28B10 /* FriendDemoUITests.xctest */,
			);
			name = Products;
			sourceTree = "<group>";
		};
		9D0E27511DE2D41300A28B10 /* FriendDemo */ = {
			isa = PBXGroup;
			children = (
				9D0E27551DE2D41300A28B10 /* AppDelegate.h */,
				9D0E27561DE2D41300A28B10 /* AppDelegate.m */,
				9D0E27581DE2D41300A28B10 /* ViewController.h */,
				9D0E27591DE2D41300A28B10 /* ViewController.m */,
				9D76CA2A1DE412F500EB75AB /* tools */,
				9D76CA201DE3E70900EB75AB /* TWPXQMyFriendsVC.h */,
				9D76CA211DE3E70900EB75AB /* TWPXQMyFriendsVC.m */,
				9D76CA231DE4106000EB75AB /* TWPXQMenuCell.h */,
				9D76CA241DE4106000EB75AB /* TWPXQMenuCell.m */,
				9D76CA251DE4106000EB75AB /* TWPXQMenuCell.xib */,
				9D56AE481DE67A0E000079CD /* models */,
				9D0E275B1DE2D41300A28B10 /* Main.storyboard */,
				9D0E275E1DE2D41300A28B10 /* Assets.xcassets */,
				9D0E27601DE2D41300A28B10 /* LaunchScreen.storyboard */,
				9D0E27631DE2D41300A28B10 /* Info.plist */,
				9D0E27521DE2D41300A28B10 /* Supporting Files */,
			);
			path = FriendDemo;
			sourceTree = "<group>";
		};
		9D0E27521DE2D41300A28B10 /* Supporting Files */ = {
			isa = PBXGroup;
			children = (
				9D56AE4F1DE69B5B000079CD /* SDWebImage */,
				9D76CA281DE411FA00EB75AB /* arrowRight.png */,
				9D0E27531DE2D41300A28B10 /* main.m */,
			);
			name = "Supporting Files";
			sourceTree = "<group>";
		};
		9D0E276B1DE2D41300A28B10 /* FriendDemoTests */ = {
			isa = PBXGroup;
			children = (
				9D0E276C1DE2D41300A28B10 /* FriendDemoTests.m */,
				9D0E276E1DE2D41300A28B10 /* Info.plist */,
			);
			path = FriendDemoTests;
			sourceTree = "<group>";
		};
		9D0E27761DE2D41300A28B10 /* FriendDemoUITests */ = {
			isa = PBXGroup;
			children = (
				9D0E27771DE2D41300A28B10 /* FriendDemoUITests.m */,
				9D0E27791DE2D41300A28B10 /* Info.plist */,
			);
			path = FriendDemoUITests;
			sourceTree = "<group>";
		};
		9D56AE481DE67A0E000079CD /* models */ = {
			isa = PBXGroup;
			children = (
				9D59E9251DE592C700ED76E8 /* TWPXQGroupFriend.h */,
				9D59E9261DE592C700ED76E8 /* TWPXQGroupFriend.m */,
				9D59E9281DE597B800ED76E8 /* TWPXQFriendInfo.h */,
				9D59E9291DE597B800ED76E8 /* TWPXQFriendInfo.m */,
				9D56AE491DE67A36000079CD /* TWPXQMenuItemModel.h */,
				9D56AE4A1DE67A36000079CD /* TWPXQMenuItemModel.m */,
				9D56AE4C1DE67DF6000079CD /* TWPXQCellModel.h */,
				9D56AE4D1DE67DF6000079CD /* TWPXQCellModel.m */,
				9D56AE8F1DE6DAF9000079CD /* TWPXQMoreBtn.h */,
				9D56AE901DE6DAF9000079CD /* TWPXQMoreBtn.m */,
			);
			name = models;
			sourceTree = "<group>";
		};
		9D56AE4F1DE69B5B000079CD /* SDWebImage */ = {
			isa = PBXGroup;
			children = (
				9D56AE531DE69B5B000079CD /* MKAnnotationView+WebCache.h */,
				9D56AE541DE69B5B000079CD /* MKAnnotationView+WebCache.m */,
				9D56AE551DE69B5B000079CD /* NSData+ImageContentType.h */,
				9D56AE561DE69B5B000079CD /* NSData+ImageContentType.m */,
				9D56AE571DE69B5B000079CD /* NSImage+WebCache.h */,
				9D56AE581DE69B5B000079CD /* NSImage+WebCache.m */,
				9D56AE591DE69B5B000079CD /* SDImageCache.h */,
				9D56AE5A1DE69B5B000079CD /* SDImageCache.m */,
				9D56AE5B1DE69B5B000079CD /* SDImageCacheConfig.h */,
				9D56AE5C1DE69B5B000079CD /* SDImageCacheConfig.m */,
				9D56AE5D1DE69B5B000079CD /* SDWebImageCompat.h */,
				9D56AE5E1DE69B5B000079CD /* SDWebImageCompat.m */,
				9D56AE5F1DE69B5B000079CD /* SDWebImageDecoder.h */,
				9D56AE601DE69B5B000079CD /* SDWebImageDecoder.m */,
				9D56AE611DE69B5B000079CD /* SDWebImageDownloader.h */,
				9D56AE621DE69B5B000079CD /* SDWebImageDownloader.m */,
				9D56AE631DE69B5B000079CD /* SDWebImageDownloaderOperation.h */,
				9D56AE641DE69B5B000079CD /* SDWebImageDownloaderOperation.m */,
				9D56AE651DE69B5B000079CD /* SDWebImageManager.h */,
				9D56AE661DE69B5B000079CD /* SDWebImageManager.m */,
				9D56AE671DE69B5B000079CD /* SDWebImageOperation.h */,
				9D56AE681DE69B5B000079CD /* SDWebImagePrefetcher.h */,
				9D56AE691DE69B5B000079CD /* SDWebImagePrefetcher.m */,
				9D56AE6A1DE69B5B000079CD /* UIButton+WebCache.h */,
				9D56AE6B1DE69B5B000079CD /* UIButton+WebCache.m */,
				9D56AE6C1DE69B5B000079CD /* UIImage+GIF.h */,
				9D56AE6D1DE69B5B000079CD /* UIImage+GIF.m */,
				9D56AE6E1DE69B5B000079CD /* UIImage+MultiFormat.h */,
				9D56AE6F1DE69B5B000079CD /* UIImage+MultiFormat.m */,
				9D56AE701DE69B5B000079CD /* UIImage+WebP.h */,
				9D56AE711DE69B5B000079CD /* UIImage+WebP.m */,
				9D56AE721DE69B5B000079CD /* UIImageView+HighlightedWebCache.h */,
				9D56AE731DE69B5B000079CD /* UIImageView+HighlightedWebCache.m */,
				9D56AE741DE69B5B000079CD /* UIImageView+WebCache.h */,
				9D56AE751DE69B5B000079CD /* UIImageView+WebCache.m */,
				9D56AE761DE69B5B000079CD /* UIView+WebCache.h */,
				9D56AE771DE69B5B000079CD /* UIView+WebCache.m */,
				9D56AE781DE69B5B000079CD /* UIView+WebCacheOperation.h */,
				9D56AE791DE69B5B000079CD /* UIView+WebCacheOperation.m */,
			);
			path = SDWebImage;
			sourceTree = "<group>";
		};
		9D76CA2A1DE412F500EB75AB /* tools */ = {
			isa = PBXGroup;
			children = (
				9D76CA2B1DE4137400EB75AB /* TWPXQRequest.h */,
				9D76CA2C1DE4137400EB75AB /* TWPXQRequest.m */,
			);
			name = tools;
			sourceTree = "<group>";
		};
/* End PBXGroup section */

/* Begin PBXNativeTarget section */
		9D0E274E1DE2D41300A28B10 /* FriendDemo */ = {
			isa = PBXNativeTarget;
			buildConfigurationList = 9D0E277C1DE2D41300A28B10 /* Build configuration list for PBXNativeTarget "FriendDemo" */;
			buildPhases = (
				9D0E274B1DE2D41300A28B10 /* Sources */,
				9D0E274C1DE2D41300A28B10 /* Frameworks */,
				9D0E274D1DE2D41300A28B10 /* Resources */,
			);
			buildRules = (
			);
			dependencies = (
			);
			name = FriendDemo;
			productName = FriendDemo;
			productReference = 9D0E274F1DE2D41300A28B10 /* FriendDemo.app */;
			productType = "com.apple.product-type.application";
		};
		9D0E27671DE2D41300A28B10 /* FriendDemoTests */ = {
			isa = PBXNativeTarget;
			buildConfigurationList = 9D0E277F1DE2D41300A28B10 /* Build configuration list for PBXNativeTarget "FriendDemoTests" */;
			buildPhases = (
				9D0E27641DE2D41300A28B10 /* Sources */,
				9D0E27651DE2D41300A28B10 /* Frameworks */,
				9D0E27661DE2D41300A28B10 /* Resources */,
			);
			buildRules = (
			);
			dependencies = (
				9D0E276A1DE2D41300A28B10 /* PBXTargetDependency */,
			);
			name = FriendDemoTests;
			productName = FriendDemoTests;
			productReference = 9D0E27681DE2D41300A28B10 /* FriendDemoTests.xctest */;
			productType = "com.apple.product-type.bundle.unit-test";
		};
		9D0E27721DE2D41300A28B10 /* FriendDemoUITests */ = {
			isa = PBXNativeTarget;
			buildConfigurationList = 9D0E27821DE2D41300A28B10 /* Build configuration list for PBXNativeTarget "FriendDemoUITests" */;
			buildPhases = (
				9D0E276F1DE2D41300A28B10 /* Sources */,
				9D0E27701DE2D41300A28B10 /* Frameworks */,
				9D0E27711DE2D41300A28B10 /* Resources */,
			);
			buildRules = (
			);
			dependencies = (
				9D0E27751DE2D41300A28B10 /* PBXTargetDependency */,
			);
			name = FriendDemoUITests;
			productName = FriendDemoUITests;
			productReference = 9D0E27731DE2D41300A28B10 /* FriendDemoUITests.xctest */;
			productType = "com.apple.product-type.bundle.ui-testing";
		};
/* End PBXNativeTarget section */

/* Begin PBXProject section */
		9D0E27471DE2D41300A28B10 /* Project object */ = {
			isa = PBXProject;
			attributes = {
				CLASSPREFIX = TWPXQ;
				LastUpgradeCheck = 0810;
				ORGANIZATIONNAME = tianhua;
				TargetAttributes = {
					9D0E274E1DE2D41300A28B10 = {
						CreatedOnToolsVersion = 8.1;
						ProvisioningStyle = Automatic;
					};
					9D0E27671DE2D41300A28B10 = {
						CreatedOnToolsVersion = 8.1;
						ProvisioningStyle = Automatic;
						TestTargetID = 9D0E274E1DE2D41300A28B10;
					};
					9D0E27721DE2D41300A28B10 = {
						CreatedOnToolsVersion = 8.1;
						ProvisioningStyle = Automatic;
						TestTargetID = 9D0E274E1DE2D41300A28B10;
					};
				};
			};
			buildConfigurationList = 9D0E274A1DE2D41300A28B10 /* Build configuration list for PBXProject "FriendDemo" */;
			compatibilityVersion = "Xcode 3.2";
			developmentRegion = English;
			hasScannedForEncodings = 0;
			knownRegions = (
				en,
				Base,
			);
			mainGroup = 9D0E27461DE2D41300A28B10;
			productRefGroup = 9D0E27501DE2D41300A28B10 /* Products */;
			projectDirPath = "";
			projectRoot = "";
			targets = (
				9D0E274E1DE2D41300A28B10 /* FriendDemo */,
				9D0E27671DE2D41300A28B10 /* FriendDemoTests */,
				9D0E27721DE2D41300A28B10 /* FriendDemoUITests */,
			);
		};
/* End PBXProject section */

/* Begin PBXResourcesBuildPhase section */
		9D0E274D1DE2D41300A28B10 /* Resources */ = {
			isa = PBXResourcesBuildPhase;
			buildActionMask = 2147483647;
			files = (
				9D0E27621DE2D41300A28B10 /* LaunchScreen.storyboard in Resources */,
				9D0E275F1DE2D41300A28B10 /* Assets.xcassets in Resources */,
				9D0E275D1DE2D41300A28B10 /* Main.storyboard in Resources */,
				9D76CA291DE411FA00EB75AB /* arrowRight.png in Resources */,
				9D76CA271DE4106000EB75AB /* TWPXQMenuCell.xib in Resources */,
			);
			runOnlyForDeploymentPostprocessing = 0;
		};
		9D0E27661DE2D41300A28B10 /* Resources */ = {
			isa = PBXResourcesBuildPhase;
			buildActionMask = 2147483647;
			files = (
			);
			runOnlyForDeploymentPostprocessing = 0;
		};
		9D0E27711DE2D41300A28B10 /* Resources */ = {
			isa = PBXResourcesBuildPhase;
			buildActionMask = 2147483647;
			files = (
			);
			runOnlyForDeploymentPostprocessing = 0;
		};
/* End PBXResourcesBuildPhase section */

/* Begin PBXSourcesBuildPhase section */
		9D0E274B1DE2D41300A28B10 /* Sources */ = {
			isa = PBXSourcesBuildPhase;
			buildActionMask = 2147483647;
			files = (
				9D56AE4B1DE67A36000079CD /* TWPXQMenuItemModel.m in Sources */,
				9D56AE891DE69B5B000079CD /* UIImage+WebP.m in Sources */,
				9D76CA2D1DE4137400EB75AB /* TWPXQRequest.m in Sources */,
				9D76CA261DE4106000EB75AB /* TWPXQMenuCell.m in Sources */,
				9D56AE7F1DE69B5B000079CD /* SDImageCacheConfig.m in Sources */,
				9D56AE7C1DE69B5B000079CD /* NSData+ImageContentType.m in Sources */,
				9D56AE911DE6DAF9000079CD /* TWPXQMoreBtn.m in Sources */,
				9D56AE7E1DE69B5B000079CD /* SDImageCache.m in Sources */,
				9D56AE831DE69B5B000079CD /* SDWebImageDownloaderOperation.m in Sources */,
				9D59E9271DE592C700ED76E8 /* TWPXQGroupFriend.m in Sources */,
				9D56AE7B1DE69B5B000079CD /* MKAnnotationView+WebCache.m in Sources */,
				9D0E275A1DE2D41300A28B10 /* ViewController.m in Sources */,
				9D56AE7D1DE69B5B000079CD /* NSImage+WebCache.m in Sources */,
				9D56AE801DE69B5B000079CD /* SDWebImageCompat.m in Sources */,
				9D59E92A1DE597B800ED76E8 /* TWPXQFriendInfo.m in Sources */,
				9D56AE4E1DE67DF6000079CD /* TWPXQCellModel.m in Sources */,
				9D56AE841DE69B5B000079CD /* SDWebImageManager.m in Sources */,
				9D56AE821DE69B5B000079CD /* SDWebImageDownloader.m in Sources */,
				9D56AE8B1DE69B5B000079CD /* UIImageView+WebCache.m in Sources */,
				9D56AE8A1DE69B5B000079CD /* UIImageView+HighlightedWebCache.m in Sources */,
				9D56AE8C1DE69B5B000079CD /* UIView+WebCache.m in Sources */,
				9D0E27571DE2D41300A28B10 /* AppDelegate.m in Sources */,
				9D56AE8D1DE69B5B000079CD /* UIView+WebCacheOperation.m in Sources */,
				9D56AE871DE69B5B000079CD /* UIImage+GIF.m in Sources */,
				9D0E27541DE2D41300A28B10 /* main.m in Sources */,
				9D56AE851DE69B5B000079CD /* SDWebImagePrefetcher.m in Sources */,
				9D56AE861DE69B5B000079CD /* UIButton+WebCache.m in Sources */,
				9D56AE881DE69B5B000079CD /* UIImage+MultiFormat.m in Sources */,
				9D56AE811DE69B5B000079CD /* SDWebImageDecoder.m in Sources */,
				9D76CA221DE3E70900EB75AB /* TWPXQMyFriendsVC.m in Sources */,
			);
			runOnlyForDeploymentPostprocessing = 0;
		};
		9D0E27641DE2D41300A28B10 /* Sources */ = {
			isa = PBXSourcesBuildPhase;
			buildActionMask = 2147483647;
			files = (
				9D0E276D1DE2D41300A28B10 /* FriendDemoTests.m in Sources */,
			);
			runOnlyForDeploymentPostprocessing = 0;
		};
		9D0E276F1DE2D41300A28B10 /* Sources */ = {
			isa = PBXSourcesBuildPhase;
			buildActionMask = 2147483647;
			files = (
				9D0E27781DE2D41300A28B10 /* FriendDemoUITests.m in Sources */,
			);
			runOnlyForDeploymentPostprocessing = 0;
		};
/* End PBXSourcesBuildPhase section */

/* Begin PBXTargetDependency section */
		9D0E276A1DE2D41300A28B10 /* PBXTargetDependency */ = {
			isa = PBXTargetDependency;
			target = 9D0E274E1DE2D41300A28B10 /* FriendDemo */;
			targetProxy = 9D0E27691DE2D41300A28B10 /* PBXContainerItemProxy */;
		};
		9D0E27751DE2D41300A28B10 /* PBXTargetDependency */ = {
			isa = PBXTargetDependency;
			target = 9D0E274E1DE2D41300A28B10 /* FriendDemo */;
			targetProxy = 9D0E27741DE2D41300A28B10 /* PBXContainerItemProxy */;
		};
/* End PBXTargetDependency section */

/* Begin PBXVariantGroup section */
		9D0E275B1DE2D41300A28B10 /* Main.storyboard */ = {
			isa = PBXVariantGroup;
			children = (
				9D0E275C1DE2D41300A28B10 /* Base */,
			);
			name = Main.storyboard;
			sourceTree = "<group>";
		};
		9D0E27601DE2D41300A28B10 /* LaunchScreen.storyboard */ = {
			isa = PBXVariantGroup;
			children = (
				9D0E27611DE2D41300A28B10 /* Base */,
			);
			name = LaunchScreen.storyboard;
			sourceTree = "<group>";
		};
/* End PBXVariantGroup section */

/* Begin XCBuildConfiguration section */
		9D0E277A1DE2D41300A28B10 /* Debug */ = {
			isa = XCBuildConfiguration;
			buildSettings = {
				ALWAYS_SEARCH_USER_PATHS = NO;
				CLANG_ANALYZER_NONNULL = YES;
				CLANG_CXX_LANGUAGE_STANDARD = "gnu++0x";
				CLANG_CXX_LIBRARY = "libc++";
				CLANG_ENABLE_MODULES = YES;
				CLANG_ENABLE_OBJC_ARC = YES;
				CLANG_WARN_BOOL_CONVERSION = YES;
				CLANG_WARN_CONSTANT_CONVERSION = YES;
				CLANG_WARN_DIRECT_OBJC_ISA_USAGE = YES_ERROR;
				CLANG_WARN_DOCUMENTATION_COMMENTS = YES;
				CLANG_WARN_EMPTY_BODY = YES;
				CLANG_WARN_ENUM_CONVERSION = YES;
				CLANG_WARN_INFINITE_RECURSION = YES;
				CLANG_WARN_INT_CONVERSION = YES;
				CLANG_WARN_OBJC_ROOT_CLASS = YES_ERROR;
				CLANG_WARN_SUSPICIOUS_MOVES = YES;
				CLANG_WARN_UNREACHABLE_CODE = YES;
				CLANG_WARN__DUPLICATE_METHOD_MATCH = YES;
				"CODE_SIGN_IDENTITY[sdk=iphoneos*]" = "iPhone Developer";
				COPY_PHASE_STRIP = NO;
				DEBUG_INFORMATION_FORMAT = dwarf;
				ENABLE_STRICT_OBJC_MSGSEND = YES;
				ENABLE_TESTABILITY = YES;
				GCC_C_LANGUAGE_STANDARD = gnu99;
				GCC_DYNAMIC_NO_PIC = NO;
				GCC_NO_COMMON_BLOCKS = YES;
				GCC_OPTIMIZATION_LEVEL = 0;
				GCC_PREPROCESSOR_DEFINITIONS = (
					"DEBUG=1",
					"$(inherited)",
				);
				GCC_WARN_64_TO_32_BIT_CONVERSION = YES;
				GCC_WARN_ABOUT_RETURN_TYPE = YES_ERROR;
				GCC_WARN_UNDECLARED_SELECTOR = YES;
				GCC_WARN_UNINITIALIZED_AUTOS = YES_AGGRESSIVE;
				GCC_WARN_UNUSED_FUNCTION = YES;
				GCC_WARN_UNUSED_VARIABLE = YES;
				IPHONEOS_DEPLOYMENT_TARGET = 10.1;
				MTL_ENABLE_DEBUG_INFO = YES;
				ONLY_ACTIVE_ARCH = YES;
				SDKROOT = iphoneos;
			};
			name = Debug;
		};
		9D0E277B1DE2D41300A28B10 /* Release */ = {
			isa = XCBuildConfiguration;
			buildSettings = {
				ALWAYS_SEARCH_USER_PATHS = NO;
				CLANG_ANALYZER_NONNULL = YES;
				CLANG_CXX_LANGUAGE_STANDARD = "gnu++0x";
				CLANG_CXX_LIBRARY = "libc++";
				CLANG_ENABLE_MODULES = YES;
				CLANG_ENABLE_OBJC_ARC = YES;
				CLANG_WARN_BOOL_CONVERSION = YES;
				CLANG_WARN_CONSTANT_CONVERSION = YES;
				CLANG_WARN_DIRECT_OBJC_ISA_USAGE = YES_ERROR;
				CLANG_WARN_DOCUMENTATION_COMMENTS = YES;
				CLANG_WARN_EMPTY_BODY = YES;
				CLANG_WARN_ENUM_CONVERSION = YES;
				CLANG_WARN_INFINITE_RECURSION = YES;
				CLANG_WARN_INT_CONVERSION = YES;
				CLANG_WARN_OBJC_ROOT_CLASS = YES_ERROR;
				CLANG_WARN_SUSPICIOUS_MOVES = YES;
				CLANG_WARN_UNREACHABLE_CODE = YES;
				CLANG_WARN__DUPLICATE_METHOD_MATCH = YES;
				"CODE_SIGN_IDENTITY[sdk=iphoneos*]" = "iPhone Developer";
				COPY_PHASE_STRIP = NO;
				DEBUG_INFORMATION_FORMAT = "dwarf-with-dsym";
				ENABLE_NS_ASSERTIONS = NO;
				ENABLE_STRICT_OBJC_MSGSEND = YES;
				GCC_C_LANGUAGE_STANDARD = gnu99;
				GCC_NO_COMMON_BLOCKS = YES;
				GCC_WARN_64_TO_32_BIT_CONVERSION = YES;
				GCC_WARN_ABOUT_RETURN_TYPE = YES_ERROR;
				GCC_WARN_UNDECLARED_SELECTOR = YES;
				GCC_WARN_UNINITIALIZED_AUTOS = YES_AGGRESSIVE;
				GCC_WARN_UNUSED_FUNCTION = YES;
				GCC_WARN_UNUSED_VARIABLE = YES;
				IPHONEOS_DEPLOYMENT_TARGET = 10.1;
				MTL_ENABLE_DEBUG_INFO = NO;
				SDKROOT = iphoneos;
				VALIDATE_PRODUCT = YES;
			};
			name = Release;
		};
		9D0E277D1DE2D41300A28B10 /* Debug */ = {
			isa = XCBuildConfiguration;
			buildSettings = {
				ASSETCATALOG_COMPILER_APPICON_NAME = AppIcon;
				"CODE_SIGN_IDENTITY[sdk=iphoneos*]" = "iPhone Developer";
				DEVELOPMENT_TEAM = "";
				INFOPLIST_FILE = FriendDemo/Info.plist;
				LD_RUNPATH_SEARCH_PATHS = "$(inherited) @executable_path/Frameworks";
				PRODUCT_BUNDLE_IDENTIFIER = com.tianhua.FriendDemo;
				PRODUCT_NAME = "$(TARGET_NAME)";
			};
			name = Debug;
		};
		9D0E277E1DE2D41300A28B10 /* Release */ = {
			isa = XCBuildConfiguration;
			buildSettings = {
				ASSETCATALOG_COMPILER_APPICON_NAME = AppIcon;
				"CODE_SIGN_IDENTITY[sdk=iphoneos*]" = "iPhone Developer";
				DEVELOPMENT_TEAM = "";
				INFOPLIST_FILE = FriendDemo/Info.plist;
				LD_RUNPATH_SEARCH_PATHS = "$(inherited) @executable_path/Frameworks";
				PRODUCT_BUNDLE_IDENTIFIER = com.tianhua.FriendDemo;
				PRODUCT_NAME = "$(TARGET_NAME)";
			};
			name = Release;
		};
		9D0E27801DE2D41300A28B10 /* Debug */ = {
			isa = XCBuildConfiguration;
			buildSettings = {
				BUNDLE_LOADER = "$(TEST_HOST)";
				INFOPLIST_FILE = FriendDemoTests/Info.plist;
				LD_RUNPATH_SEARCH_PATHS = "$(inherited) @executable_path/Frameworks @loader_path/Frameworks";
				PRODUCT_BUNDLE_IDENTIFIER = com.tianhua.FriendDemoTests;
				PRODUCT_NAME = "$(TARGET_NAME)";
				TEST_HOST = "$(BUILT_PRODUCTS_DIR)/FriendDemo.app/FriendDemo";
			};
			name = Debug;
		};
		9D0E27811DE2D41300A28B10 /* Release */ = {
			isa = XCBuildConfiguration;
			buildSettings = {
				BUNDLE_LOADER = "$(TEST_HOST)";
				INFOPLIST_FILE = FriendDemoTests/Info.plist;
				LD_RUNPATH_SEARCH_PATHS = "$(inherited) @executable_path/Frameworks @loader_path/Frameworks";
				PRODUCT_BUNDLE_IDENTIFIER = com.tianhua.FriendDemoTests;
				PRODUCT_NAME = "$(TARGET_NAME)";
				TEST_HOST = "$(BUILT_PRODUCTS_DIR)/FriendDemo.app/FriendDemo";
			};
			name = Release;
		};
		9D0E27831DE2D41300A28B10 /* Debug */ = {
			isa = XCBuildConfiguration;
			buildSettings = {
				INFOPLIST_FILE = FriendDemoUITests/Info.plist;
				LD_RUNPATH_SEARCH_PATHS = "$(inherited) @executable_path/Frameworks @loader_path/Frameworks";
				PRODUCT_BUNDLE_IDENTIFIER = com.tianhua.FriendDemoUITests;
				PRODUCT_NAME = "$(TARGET_NAME)";
				TEST_TARGET_NAME = FriendDemo;
			};
			name = Debug;
		};
		9D0E27841DE2D41300A28B10 /* Release */ = {
			isa = XCBuildConfiguration;
			buildSettings = {
				INFOPLIST_FILE = FriendDemoUITests/Info.plist;
				LD_RUNPATH_SEARCH_PATHS = "$(inherited) @executable_path/Frameworks @loader_path/Frameworks";
				PRODUCT_BUNDLE_IDENTIFIER = com.tianhua.FriendDemoUITests;
				PRODUCT_NAME = "$(TARGET_NAME)";
				TEST_TARGET_NAME = FriendDemo;
			};
			name = Release;
		};
/* End XCBuildConfiguration section */

/* Begin XCConfigurationList section */
		9D0E274A1DE2D41300A28B10 /* Build configuration list for PBXProject "FriendDemo" */ = {
			isa = XCConfigurationList;
			buildConfigurations = (
				9D0E277A1DE2D41300A28B10 /* Debug */,
				9D0E277B1DE2D41300A28B10 /* Release */,
			);
			defaultConfigurationIsVisible = 0;
			defaultConfigurationName = Release;
		};
		9D0E277C1DE2D41300A28B10 /* Build configuration list for PBXNativeTarget "FriendDemo" */ = {
			isa = XCConfigurationList;
			buildConfigurations = (
				9D0E277D1DE2D41300A28B10 /* Debug */,
				9D0E277E1DE2D41300A28B10 /* Release */,
			);
			defaultConfigurationIsVisible = 0;
			defaultConfigurationName = Release;
		};
		9D0E277F1DE2D41300A28B10 /* Build configuration list for PBXNativeTarget "FriendDemoTests" */ = {
			isa = XCConfigurationList;
			buildConfigurations = (
				9D0E27801DE2D41300A28B10 /* Debug */,
				9D0E27811DE2D41300A28B10 /* Release */,
			);
			defaultConfigurationIsVisible = 0;
			defaultConfigurationName = Release;
		};
		9D0E27821DE2D41300A28B10 /* Build configuration list for PBXNativeTarget "FriendDemoUITests" */ = {
			isa = XCConfigurationList;
			buildConfigurations = (
				9D0E27831DE2D41300A28B10 /* Debug */,
				9D0E27841DE2D41300A28B10 /* Release */,
			);
			defaultConfigurationIsVisible = 0;
			defaultConfigurationName = Release;
		};
/* End XCConfigurationList section */
	};
	rootObject = 9D0E27471DE2D41300A28B10 /* Project object */;
}
